
Microsoft Visual Studio Solution File, Format Version 12.00
# Visual Studio 15
VisualStudioVersion = 15.0.27130.2010
MinimumVisualStudioVersion = 10.0.40219.1
Project("{FAE04EC0-301F-11D3-BF4B-00C04F79EFBC}") = "KeyboardHook", "KeyboardHook\KeyboardHook.csproj", "{180161BE-257A-4FB3-B40F-622F102C669F}"
EndProject
Global
	GlobalSection(SolutionConfigurationPlatforms) = preSolution
		Debug|Any CPU = Debug|Any CPU
		Release|Any CPU = Release|Any CPU
	EndGlobalSection
	GlobalSection(ProjectConfigurationPlatforms) = postSolution
		{180161BE-257A-4FB3-B40F-622F102C669F}.Debug|Any CPU.ActiveCfg = Debug|Any CPU
		{180161BE-257A-4FB3-B40F-622F102C669F}.Debug|Any CPU.Build.0 = Debug|Any CPU
		{180161BE-257A-4FB3-B40F-622F102C669F}.Release|Any CPU.ActiveCfg = Release|Any CPU
		{180161BE-257A-4FB3-B40F-622F102C669F}.Release|Any CPU.Build.0 = Release|Any CPU
	EndGlobalSection
	GlobalSection(SolutionProperties) = preSolution
		HideSolutionNode = FALSE
	EndGlobalSection
	GlobalSection(ExtensibilityGlobals) = postSolution
		SolutionGuid = {B820509F-C3FC-4BB4-902C-018E1A518CC1}
	EndGlobalSection
EndGlobal
